// !$*UTF8*$!
{
	archiveVersion = 1;
	classes = {
	};
	objectVersion = 50;
	objects = {

/* Begin PBXBuildFile section */
		134522EE21E0C8AA00BB42EA /* SideDrawerView.swift in Sources */ = {isa = PBXBuildFile; fileRef = 134522ED21E0C8AA00BB42EA /* SideDrawerView.swift */; };
		1346B86321E9FCDA00EB70F6 /* SizeConfig.swift in Sources */ = {isa = PBXBuildFile; fileRef = 1346B86221E9FCDA00EB70F6 /* SizeConfig.swift */; };
		1354CCB821C49F0A0075504B /* AppDelegate.swift in Sources */ = {isa = PBXBuildFile; fileRef = 1354CCB721C49F0A0075504B /* AppDelegate.swift */; };
		1354CCBA21C49F0A0075504B /* ViewController.swift in Sources */ = {isa = PBXBuildFile; fileRef = 1354CCB921C49F0A0075504B /* ViewController.swift */; };
		1354CCBD21C49F0A0075504B /* Main.storyboard in Resources */ = {isa = PBXBuildFile; fileRef = 1354CCBB21C49F0A0075504B /* Main.storyboard */; };
		1354CCBF21C49F0C0075504B /* Assets.xcassets in Resources */ = {isa = PBXBuildFile; fileRef = 1354CCBE21C49F0C0075504B /* Assets.xcassets */; };
		1354CCC221C49F0C0075504B /* LaunchScreen.storyboard in Resources */ = {isa = PBXBuildFile; fileRef = 1354CCC021C49F0C0075504B /* LaunchScreen.storyboard */; };
		1354CCCE21C4B5830075504B /* MainView.swift in Sources */ = {isa = PBXBuildFile; fileRef = 1354CCCD21C4B5830075504B /* MainView.swift */; };
		1354CCD221C4F2E10075504B /* KeyPadView.swift in Sources */ = {isa = PBXBuildFile; fileRef = 1354CCD121C4F2E10075504B /* KeyPadView.swift */; };
		13AA33B721CB243F00C0C4E9 /* CalculationModel.swift in Sources */ = {isa = PBXBuildFile; fileRef = 13AA33B621CB243F00C0C4E9 /* CalculationModel.swift */; };
		13B6B6F721E41F5B00E1D2FD /* CalculatorGradiantLayer.swift in Sources */ = {isa = PBXBuildFile; fileRef = 13B6B6F621E41F5B00E1D2FD /* CalculatorGradiantLayer.swift */; };
		13C3E79321E35D8E00A737AD /* ColorConfig.swift in Sources */ = {isa = PBXBuildFile; fileRef = 13C3E79221E35D8E00A737AD /* ColorConfig.swift */; };
		13C4109E21CDB650006612BC /* Buttons.swift in Sources */ = {isa = PBXBuildFile; fileRef = 13C4109D21CDB650006612BC /* Buttons.swift */; };
/* End PBXBuildFile section */

/* Begin PBXFileReference section */
		134522ED21E0C8AA00BB42EA /* SideDrawerView.swift */ = {isa = PBXFileReference; lastKnownFileType = sourcecode.swift; path = SideDrawerView.swift; sourceTree = "<group>"; };
		1346B86221E9FCDA00EB70F6 /* SizeConfig.swift */ = {isa = PBXFileReference; lastKnownFileType = sourcecode.swift; path = SizeConfig.swift; sourceTree = "<group>"; };
		1354CCB421C49F0A0075504B /* Utility_Calculator.app */ = {isa = PBXFileReference; explicitFileType = wrapper.application; includeInIndex = 0; path = Utility_Calculator.app; sourceTree = BUILT_PRODUCTS_DIR; };
		1354CCB721C49F0A0075504B /* AppDelegate.swift */ = {isa = PBXFileReference; lastKnownFileType = sourcecode.swift; path = AppDelegate.swift; sourceTree = "<group>"; };
		1354CCB921C49F0A0075504B /* ViewController.swift */ = {isa = PBXFileReference; lastKnownFileType = sourcecode.swift; path = ViewController.swift; sourceTree = "<group>"; };
		1354CCBC21C49F0A0075504B /* Base */ = {isa = PBXFileReference; lastKnownFileType = file.storyboard; name = Base; path = Base.lproj/Main.storyboard; sourceTree = "<group>"; };
		1354CCBE21C49F0C0075504B /* Assets.xcassets */ = {isa = PBXFileReference; lastKnownFileType = folder.assetcatalog; path = Assets.xcassets; sourceTree = "<group>"; };
		1354CCC121C49F0C0075504B /* Base */ = {isa = PBXFileReference; lastKnownFileType = file.storyboard; name = Base; path = Base.lproj/LaunchScreen.storyboard; sourceTree = "<group>"; };
		1354CCC321C49F0C0075504B /* Info.plist */ = {isa = PBXFileReference; lastKnownFileType = text.plist.xml; path = Info.plist; sourceTree = "<group>"; };
		1354CCCD21C4B5830075504B /* MainView.swift */ = {isa = PBXFileReference; lastKnownFileType = sourcecode.swift; name = MainView.swift; path = "../../../../iOS Program/Utility_Calculator/Utility_Calculator/View/MainView.swift"; sourceTree = "<group>"; };
		1354CCD121C4F2E10075504B /* KeyPadView.swift */ = {isa = PBXFileReference; lastKnownFileType = sourcecode.swift; name = KeyPadView.swift; path = "../../../../iOS Program/Utility_Calculator/Utility_Calculator/View/KeyPadView.swift"; sourceTree = "<group>"; };
		13AA33B621CB243F00C0C4E9 /* CalculationModel.swift */ = {isa = PBXFileReference; lastKnownFileType = sourcecode.swift; path = CalculationModel.swift; sourceTree = "<group>"; };
		13B6B6F621E41F5B00E1D2FD /* CalculatorGradiantLayer.swift */ = {isa = PBXFileReference; lastKnownFileType = sourcecode.swift; path = CalculatorGradiantLayer.swift; sourceTree = "<group>"; };
		13C3E79221E35D8E00A737AD /* ColorConfig.swift */ = {isa = PBXFileReference; lastKnownFileType = sourcecode.swift; path = ColorConfig.swift; sourceTree = "<group>"; };
		13C4109D21CDB650006612BC /* Buttons.swift */ = {isa = PBXFileReference; lastKnownFileType = sourcecode.swift; path = Buttons.swift; sourceTree = "<group>"; };
/* End PBXFileReference section */

/* Begin PBXFrameworksBuildPhase section */
		1354CCB121C49F0A0075504B /* Frameworks */ = {
			isa = PBXFrameworksBuildPhase;
			buildActionMask = 2147483647;
			files = (
			);
			runOnlyForDeploymentPostprocessing = 0;
		};
/* End PBXFrameworksBuildPhase section */

/* Begin PBXGroup section */
		1346B85F21E9FB4A00EB70F6 /* ViewModel */ = {
			isa = PBXGroup;
			children = (
				13C4109D21CDB650006612BC /* Buttons.swift */,
				13B6B6F621E41F5B00E1D2FD /* CalculatorGradiantLayer.swift */,
			);
			path = ViewModel;
			sourceTree = "<group>";
		};
		1354CCAB21C49F0A0075504B = {
			isa = PBXGroup;
			children = (
				1354CCB621C49F0A0075504B /* Utility_Calculator */,
			);
			sourceTree = "<group>";
		};
		1354CCB521C49F0A0075504B /* Products */ = {
			isa = PBXGroup;
			children = (
				1354CCB421C49F0A0075504B /* Utility_Calculator.app */,
			);
			name = Products;
			path = ../..;
			sourceTree = "<group>";
		};
		1354CCB621C49F0A0075504B /* Utility_Calculator */ = {
			isa = PBXGroup;
			children = (
				13B6B6F521E41F0D00E1D2FD /* Factory */,
				1354CCCC21C49F790075504B /* Model */,
				1354CCCA21C49F510075504B /* Controller */,
				1354CCCB21C49F600075504B /* View */,
				1354CCC321C49F0C0075504B /* Info.plist */,
				1354CCC921C49F3B0075504B /* Supporting Files */,
			);
			path = Utility_Calculator;
			sourceTree = "<group>";
		};
		1354CCC921C49F3B0075504B /* Supporting Files */ = {
			isa = PBXGroup;
			children = (
				1354CCB521C49F0A0075504B /* Products */,
				1354CCB721C49F0A0075504B /* AppDelegate.swift */,
				1354CCBE21C49F0C0075504B /* Assets.xcassets */,
				1354CCC021C49F0C0075504B /* LaunchScreen.storyboard */,
			);
			path = "Supporting Files";
			sourceTree = "<group>";
		};
		1354CCCA21C49F510075504B /* Controller */ = {
			isa = PBXGroup;
			children = (
				1354CCB921C49F0A0075504B /* ViewController.swift */,
			);
			path = Controller;
			sourceTree = "<group>";
		};
		1354CCCB21C49F600075504B /* View */ = {
			isa = PBXGroup;
			children = (
				1346B85F21E9FB4A00EB70F6 /* ViewModel */,
				1354CCBB21C49F0A0075504B /* Main.storyboard */,
				1354CCCD21C4B5830075504B /* MainView.swift */,
				1354CCD121C4F2E10075504B /* KeyPadView.swift */,
				134522ED21E0C8AA00BB42EA /* SideDrawerView.swift */,
			);
			path = View;
			sourceTree = "<group>";
		};
		1354CCCC21C49F790075504B /* Model */ = {
			isa = PBXGroup;
			children = (
				13AA33B621CB243F00C0C4E9 /* CalculationModel.swift */,
			);
			path = Model;
			sourceTree = "<group>";
		};
		13B6B6F521E41F0D00E1D2FD /* Factory */ = {
			isa = PBXGroup;
			children = (
				13C3E79221E35D8E00A737AD /* ColorConfig.swift */,
				1346B86221E9FCDA00EB70F6 /* SizeConfig.swift */,
			);
			path = Factory;
			sourceTree = "<group>";
		};
/* End PBXGroup section */

/* Begin PBXNativeTarget section */
		1354CCB321C49F0A0075504B /* Utility_Calculator */ = {
			isa = PBXNativeTarget;
			buildConfigurationList = 1354CCC621C49F0C0075504B /* Build configuration list for PBXNativeTarget "Utility_Calculator" */;
			buildPhases = (
				1354CCB021C49F0A0075504B /* Sources */,
				1354CCB121C49F0A0075504B /* Frameworks */,
				1354CCB221C49F0A0075504B /* Resources */,
			);
			buildRules = (
			);
			dependencies = (
			);
			name = Utility_Calculator;
			productName = Utility_Calculator;
			productReference = 1354CCB421C49F0A0075504B /* Utility_Calculator.app */;
			productType = "com.apple.product-type.application";
		};
/* End PBXNativeTarget section */

/* Begin PBXProject section */
		1354CCAC21C49F0A0075504B /* Project object */ = {
			isa = PBXProject;
			attributes = {
				LastSwiftUpdateCheck = 1010;
				LastUpgradeCheck = 1010;
				ORGANIZATIONNAME = LinLiu;
				TargetAttributes = {
					1354CCB321C49F0A0075504B = {
						CreatedOnToolsVersion = 10.1;
					};
				};
			};
			buildConfigurationList = 1354CCAF21C49F0A0075504B /* Build configuration list for PBXProject "Utility_Calculator" */;
			compatibilityVersion = "Xcode 9.3";
			developmentRegion = en;
			hasScannedForEncodings = 0;
			knownRegions = (
				en,
				Base,
			);
			mainGroup = 1354CCAB21C49F0A0075504B;
			productRefGroup = 1354CCB521C49F0A0075504B /* Products */;
			projectDirPath = "";
			projectRoot = "";
			targets = (
				1354CCB321C49F0A0075504B /* Utility_Calculator */,
			);
		};
/* End PBXProject section */

/* Begin PBXResourcesBuildPhase section */
		1354CCB221C49F0A0075504B /* Resources */ = {
			isa = PBXResourcesBuildPhase;
			buildActionMask = 2147483647;
			files = (
				1354CCC221C49F0C0075504B /* LaunchScreen.storyboard in Resources */,
				1354CCBF21C49F0C0075504B /* Assets.xcassets in Resources */,
				1354CCBD21C49F0A0075504B /* Main.storyboard in Resources */,
			);
			runOnlyForDeploymentPostprocessing = 0;
		};
/* End PBXResourcesBuildPhase section */

/* Begin PBXSourcesBuildPhase section */
		1354CCB021C49F0A0075504B /* Sources */ = {
			isa = PBXSourcesBuildPhase;
			buildActionMask = 2147483647;
			files = (
				13AA33B721CB243F00C0C4E9 /* CalculationModel.swift in Sources */,
				1354CCD221C4F2E10075504B /* KeyPadView.swift in Sources */,
				1354CCCE21C4B5830075504B /* MainView.swift in Sources */,
				13C4109E21CDB650006612BC /* Buttons.swift in Sources */,
				134522EE21E0C8AA00BB42EA /* SideDrawerView.swift in Sources */,
				13C3E79321E35D8E00A737AD /* ColorConfig.swift in Sources */,
				1354CCBA21C49F0A0075504B /* ViewController.swift in Sources */,
				1354CCB821C49F0A0075504B /* AppDelegate.swift in Sources */,
				1346B86321E9FCDA00EB70F6 /* SizeConfig.swift in Sources */,
				13B6B6F721E41F5B00E1D2FD /* CalculatorGradiantLayer.swift in Sources */,
			);
			runOnlyForDeploymentPostprocessing = 0;
		};
/* End PBXSourcesBuildPhase section */

/* Begin PBXVariantGroup section */
		1354CCBB21C49F0A0075504B /* Main.storyboard */ = {
			isa = PBXVariantGroup;
			children = (
				1354CCBC21C49F0A0075504B /* Base */,
			);
			name = Main.storyboard;
			sourceTree = "<group>";
		};
		1354CCC021C49F0C0075504B /* LaunchScreen.storyboard */ = {
			isa = PBXVariantGroup;
			children = (
				1354CCC121C49F0C0075504B /* Base */,
			);
			name = LaunchScreen.storyboard;
			sourceTree = "<group>";
		};
/* End PBXVariantGroup section */

/* Begin XCBuildConfiguration section */
		1354CCC421C49F0C0075504B /* Debug */ = {
			isa = XCBuildConfiguration;
			buildSettings = {
				ALWAYS_SEARCH_USER_PATHS = NO;
				CLANG_ANALYZER_NONNULL = YES;
				CLANG_ANALYZER_NUMBER_OBJECT_CONVERSION = YES_AGGRESSIVE;
				CLANG_CXX_LANGUAGE_STANDARD = "gnu++14";
				CLANG_CXX_LIBRARY = "libc++";
				CLANG_ENABLE_MODULES = YES;
				CLANG_ENABLE_OBJC_ARC = YES;
				CLANG_ENABLE_OBJC_WEAK = YES;
				CLANG_WARN_BLOCK_CAPTURE_AUTORELEASING = YES;
				CLANG_WARN_BOOL_CONVERSION = YES;
				CLANG_WARN_COMMA = YES;
				CLANG_WARN_CONSTANT_CONVERSION = YES;
				CLANG_WARN_DEPRECATED_OBJC_IMPLEMENTATIONS = YES;
				CLANG_WARN_DIRECT_OBJC_ISA_USAGE = YES_ERROR;
				CLANG_WARN_DOCUMENTATION_COMMENTS = YES;
				CLANG_WARN_EMPTY_BODY = YES;
				CLANG_WARN_ENUM_CONVERSION = YES;
				CLANG_WARN_INFINITE_RECURSION = YES;
				CLANG_WARN_INT_CONVERSION = YES;
				CLANG_WARN_NON_LITERAL_NULL_CONVERSION = YES;
				CLANG_WARN_OBJC_IMPLICIT_RETAIN_SELF = YES;
				CLANG_WARN_OBJC_LITERAL_CONVERSION = YES;
				CLANG_WARN_OBJC_ROOT_CLASS = YES_ERROR;
				CLANG_WARN_RANGE_LOOP_ANALYSIS = YES;
				CLANG_WARN_STRICT_PROTOTYPES = YES;
				CLANG_WARN_SUSPICIOUS_MOVE = YES;
				CLANG_WARN_UNGUARDED_AVAILABILITY = YES_AGGRESSIVE;
				CLANG_WARN_UNREACHABLE_CODE = YES;
				CLANG_WARN__DUPLICATE_METHOD_MATCH = YES;
				CODE_SIGN_IDENTITY = "iPhone Developer";
				COPY_PHASE_STRIP = NO;
				DEBUG_INFORMATION_FORMAT = dwarf;
				ENABLE_STRICT_OBJC_MSGSEND = YES;
				ENABLE_TESTABILITY = YES;
				GCC_C_LANGUAGE_STANDARD = gnu11;
				GCC_DYNAMIC_NO_PIC = NO;
				GCC_NO_COMMON_BLOCKS = YES;
				GCC_OPTIMIZATION_LEVEL = 0;
				GCC_PREPROCESSOR_DEFINITIONS = (
					"DEBUG=1",
					"$(inherited)",
				);
				GCC_WARN_64_TO_32_BIT_CONVERSION = YES;
				GCC_WARN_ABOUT_RETURN_TYPE = YES_ERROR;
				GCC_WARN_UNDECLARED_SELECTOR = YES;
				GCC_WARN_UNINITIALIZED_AUTOS = YES_AGGRESSIVE;
				GCC_WARN_UNUSED_FUNCTION = YES;
				GCC_WARN_UNUSED_VARIABLE = YES;
				IPHONEOS_DEPLOYMENT_TARGET = 12.1;
				MTL_ENABLE_DEBUG_INFO = INCLUDE_SOURCE;
				MTL_FAST_MATH = YES;
				ONLY_ACTIVE_ARCH = YES;
				SDKROOT = iphoneos;
				SWIFT_ACTIVE_COMPILATION_CONDITIONS = DEBUG;
				SWIFT_OPTIMIZATION_LEVEL = "-Onone";
			};
			name = Debug;
		};
		1354CCC521C49F0C0075504B /* Release */ = {
			isa = XCBuildConfiguration;
			buildSettings = {
				ALWAYS_SEARCH_USER_PATHS = NO;
				CLANG_ANALYZER_NONNULL = YES;
				CLANG_ANALYZER_NUMBER_OBJECT_CONVERSION = YES_AGGRESSIVE;
				CLANG_CXX_LANGUAGE_STANDARD = "gnu++14";
				CLANG_CXX_LIBRARY = "libc++";
				CLANG_ENABLE_MODULES = YES;
				CLANG_ENABLE_OBJC_ARC = YES;
				CLANG_ENABLE_OBJC_WEAK = YES;
				CLANG_WARN_BLOCK_CAPTURE_AUTORELEASING = YES;
				CLANG_WARN_BOOL_CONVERSION = YES;
				CLANG_WARN_COMMA = YES;
				CLANG_WARN_CONSTANT_CONVERSION = YES;
				CLANG_WARN_DEPRECATED_OBJC_IMPLEMENTATIONS = YES;
				CLANG_WARN_DIRECT_OBJC_ISA_USAGE = YES_ERROR;
				CLANG_WARN_DOCUMENTATION_COMMENTS = YES;
				CLANG_WARN_EMPTY_BODY = YES;
				CLANG_WARN_ENUM_CONVERSION = YES;
				CLANG_WARN_INFINITE_RECURSION = YES;
				CLANG_WARN_INT_CONVERSION = YES;
				CLANG_WARN_NON_LITERAL_NULL_CONVERSION = YES;
				CLANG_WARN_OBJC_IMPLICIT_RETAIN_SELF = YES;
				CLANG_WARN_OBJC_LITERAL_CONVERSION = YES;
				CLANG_WARN_OBJC_ROOT_CLASS = YES_ERROR;
				CLANG_WARN_RANGE_LOOP_ANALYSIS = YES;
				CLANG_WARN_STRICT_PROTOTYPES = YES;
				CLANG_WARN_SUSPICIOUS_MOVE = YES;
				CLANG_WARN_UNGUARDED_AVAILABILITY = YES_AGGRESSIVE;
				CLANG_WARN_UNREACHABLE_CODE = YES;
				CLANG_WARN__DUPLICATE_METHOD_MATCH = YES;
				CODE_SIGN_IDENTITY = "iPhone Developer";
				COPY_PHASE_STRIP = NO;
				DEBUG_INFORMATION_FORMAT = "dwarf-with-dsym";
				ENABLE_NS_ASSERTIONS = NO;
				ENABLE_STRICT_OBJC_MSGSEND = YES;
				GCC_C_LANGUAGE_STANDARD = gnu11;
				GCC_NO_COMMON_BLOCKS = YES;
				GCC_WARN_64_TO_32_BIT_CONVERSION = YES;
				GCC_WARN_ABOUT_RETURN_TYPE = YES_ERROR;
				GCC_WARN_UNDECLARED_SELECTOR = YES;
				GCC_WARN_UNINITIALIZED_AUTOS = YES_AGGRESSIVE;
				GCC_WARN_UNUSED_FUNCTION = YES;
				GCC_WARN_UNUSED_VARIABLE = YES;
				IPHONEOS_DEPLOYMENT_TARGET = 12.1;
				MTL_ENABLE_DEBUG_INFO = NO;
				MTL_FAST_MATH = YES;
				SDKROOT = iphoneos;
				SWIFT_COMPILATION_MODE = wholemodule;
				SWIFT_OPTIMIZATION_LEVEL = "-O";
				VALIDATE_PRODUCT = YES;
			};
			name = Release;
		};
		1354CCC721C49F0C0075504B /* Debug */ = {
			isa = XCBuildConfiguration;
			buildSettings = {
				ASSETCATALOG_COMPILER_APPICON_NAME = AppIcon;
				CODE_SIGN_STYLE = Automatic;
				DEVELOPMENT_TEAM = 3K3X3K6229;
				INFOPLIST_FILE = Utility_Calculator/Info.plist;
				LD_RUNPATH_SEARCH_PATHS = (
					"$(inherited)",
					"@executable_path/Frameworks",
				);
				PRODUCT_BUNDLE_IDENTIFIER = "LinLiu.Calculator.Utility-Calculator";
				PRODUCT_NAME = "$(TARGET_NAME)";
				SWIFT_VERSION = 4.2;
				TARGETED_DEVICE_FAMILY = "1,2";
			};
			name = Debug;
		};
		1354CCC821C49F0C0075504B /* Release */ = {
			isa = XCBuildConfiguration;
			buildSettings = {
				ASSETCATALOG_COMPILER_APPICON_NAME = AppIcon;
				CODE_SIGN_STYLE = Automatic;
				DEVELOPMENT_TEAM = 3K3X3K6229;
				INFOPLIST_FILE = Utility_Calculator/Info.plist;
				LD_RUNPATH_SEARCH_PATHS = (
					"$(inherited)",
					"@executable_path/Frameworks",
				);
				PRODUCT_BUNDLE_IDENTIFIER = "LinLiu.Calculator.Utility-Calculator";
				PRODUCT_NAME = "$(TARGET_NAME)";
				SWIFT_VERSION = 4.2;
				TARGETED_DEVICE_FAMILY = "1,2";
			};
			name = Release;
		};
/* End XCBuildConfiguration section */

/* Begin XCConfigurationList section */
		1354CCAF21C49F0A0075504B /* Build configuration list for PBXProject "Utility_Calculator" */ = {
			isa = XCConfigurationList;
			buildConfigurations = (
				1354CCC421C49F0C0075504B /* Debug */,
				1354CCC521C49F0C0075504B /* Release */,
			);
			defaultConfigurationIsVisible = 0;
			defaultConfigurationName = Release;
		};
		1354CCC621C49F0C0075504B /* Build configuration list for PBXNativeTarget "Utility_Calculator" */ = {
			isa = XCConfigurationList;
			buildConfigurations = (
				1354CCC721C49F0C0075504B /* Debug */,
				1354CCC821C49F0C0075504B /* Release */,
			);
			defaultConfigurationIsVisible = 0;
			defaultConfigurationName = Release;
		};
/* End XCConfigurationList section */
	};
	rootObject = 1354CCAC21C49F0A0075504B /* Project object */;
}
